
Microsoft Visual Studio Solution File, Format Version 12.00
# Visual Studio Version 16
VisualStudioVersion = 16.0.30413.136
MinimumVisualStudioVersion = 10.0.40219.1
Project("{FAE04EC0-301F-11D3-BF4B-00C04F79EFBC}") = "StripeGateway", "StripeGateway\StripeGateway.csproj", "{76DA3682-7C7B-4DB6-B41F-90AADCC39809}"
EndProject
Global
	GlobalSection(SolutionConfigurationPlatforms) = preSolution
		Debug|Any CPU = Debug|Any CPU
		Release|Any CPU = Release|Any CPU
	EndGlobalSection
	GlobalSection(ProjectConfigurationPlatforms) = postSolution
		{76DA3682-7C7B-4DB6-B41F-90AADCC39809}.Debug|Any CPU.ActiveCfg = Debug|Any CPU
		{76DA3682-7C7B-4DB6-B41F-90AADCC39809}.Debug|Any CPU.Build.0 = Debug|Any CPU
		{76DA3682-7C7B-4DB6-B41F-90AADCC39809}.Release|Any CPU.ActiveCfg = Release|Any CPU
		{76DA3682-7C7B-4DB6-B41F-90AADCC39809}.Release|Any CPU.Build.0 = Release|Any CPU
	EndGlobalSection
	GlobalSection(SolutionProperties) = preSolution
		HideSolutionNode = FALSE
	EndGlobalSection
	GlobalSection(ExtensibilityGlobals) = postSolution
		SolutionGuid = {CD5CBA3C-75BA-4441-8EE9-538B72E719B1}
	EndGlobalSection
EndGlobal
